
Microsoft Visual Studio Solution File, Format Version 12.00
# Visual Studio Version 16
VisualStudioVersion = 16.0.31129.286
MinimumVisualStudioVersion = 10.0.40219.1
Project("{9A19103F-16F7-4668-BE54-9A1E7A4F7556}") = "StilSoft.Communication", "StilSoft.Communication\StilSoft.Communication.csproj", "{840D1C63-358B-4224-A901-C9ADBB4C6B7D}"
EndProject
Global
	GlobalSection(SolutionConfigurationPlatforms) = preSolution
		Debug|Any CPU = Debug|Any CPU
		Release|Any CPU = Release|Any CPU
	EndGlobalSection
	GlobalSection(ProjectConfigurationPlatforms) = postSolution
		{840D1C63-358B-4224-A901-C9ADBB4C6B7D}.Debug|Any CPU.ActiveCfg = Debug|Any CPU
		{840D1C63-358B-4224-A901-C9ADBB4C6B7D}.Debug|Any CPU.Build.0 = Debug|Any CPU
		{840D1C63-358B-4224-A901-C9ADBB4C6B7D}.Release|Any CPU.ActiveCfg = Release|Any CPU
		{840D1C63-358B-4224-A901-C9ADBB4C6B7D}.Release|Any CPU.Build.0 = Release|Any CPU
	EndGlobalSection
	GlobalSection(SolutionProperties) = preSolution
		HideSolutionNode = FALSE
	EndGlobalSection
	GlobalSection(ExtensibilityGlobals) = postSolution
		SolutionGuid = {9766E39E-351B-40E3-857B-3D7F88632EDF}
	EndGlobalSection
EndGlobal
